
Microsoft Visual Studio Solution File, Format Version 12.00
# Visual Studio Version 17
VisualStudioVersion = 17.12.35514.174
MinimumVisualStudioVersion = 10.0.40219.1
Project("{FAE04EC0-301F-11D3-BF4B-00C04F79EFBC}") = "XrmToolBox.MergeTool", "XrmToolBox.MergeTool\XrmToolBox.MergeTool.csproj", "{4C84ACFE-E5A9-49B6-A8F3-BB88C192B8D3}"
EndProject
Project("{FAE04EC0-301F-11D3-BF4B-00C04F79EFBC}") = "Dynamics365.Merge", "Orchidpharmed.Merge\Dynamics365.Merge.csproj", "{69140922-C590-4B6A-9CFD-7B080C8C5568}"
EndProject
Global
	GlobalSection(SolutionConfigurationPlatforms) = preSolution
		Debug|Any CPU = Debug|Any CPU
		Release|Any CPU = Release|Any CPU
	EndGlobalSection
	GlobalSection(ProjectConfigurationPlatforms) = postSolution
		{4C84ACFE-E5A9-49B6-A8F3-BB88C192B8D3}.Debug|Any CPU.ActiveCfg = Debug|Any CPU
		{4C84ACFE-E5A9-49B6-A8F3-BB88C192B8D3}.Debug|Any CPU.Build.0 = Debug|Any CPU
		{4C84ACFE-E5A9-49B6-A8F3-BB88C192B8D3}.Release|Any CPU.ActiveCfg = Release|Any CPU
		{4C84ACFE-E5A9-49B6-A8F3-BB88C192B8D3}.Release|Any CPU.Build.0 = Release|Any CPU
		{69140922-C590-4B6A-9CFD-7B080C8C5568}.Debug|Any CPU.ActiveCfg = Debug|Any CPU
		{69140922-C590-4B6A-9CFD-7B080C8C5568}.Debug|Any CPU.Build.0 = Debug|Any CPU
		{69140922-C590-4B6A-9CFD-7B080C8C5568}.Release|Any CPU.ActiveCfg = Release|Any CPU
		{69140922-C590-4B6A-9CFD-7B080C8C5568}.Release|Any CPU.Build.0 = Release|Any CPU
	EndGlobalSection
	GlobalSection(SolutionProperties) = preSolution
		HideSolutionNode = FALSE
	EndGlobalSection
EndGlobal
